
Microsoft Visual Studio Solution File, Format Version 12.00
# Visual Studio 15
VisualStudioVersion = 15.0.28307.136
MinimumVisualStudioVersion = 10.0.40219.1
Project("{FAE04EC0-301F-11D3-BF4B-00C04F79EFBC}") = "Projeto", "Projeto\Projeto.csproj", "{C5767DBB-AD83-4970-B682-69234F05C62C}"
EndProject
Global
	GlobalSection(SolutionConfigurationPlatforms) = preSolution
		Debug|Any CPU = Debug|Any CPU
		Release|Any CPU = Release|Any CPU
	EndGlobalSection
	GlobalSection(ProjectConfigurationPlatforms) = postSolution
		{C5767DBB-AD83-4970-B682-69234F05C62C}.Debug|Any CPU.ActiveCfg = Debug|Any CPU
		{C5767DBB-AD83-4970-B682-69234F05C62C}.Debug|Any CPU.Build.0 = Debug|Any CPU
		{C5767DBB-AD83-4970-B682-69234F05C62C}.Release|Any CPU.ActiveCfg = Release|Any CPU
		{C5767DBB-AD83-4970-B682-69234F05C62C}.Release|Any CPU.Build.0 = Release|Any CPU
	EndGlobalSection
	GlobalSection(SolutionProperties) = preSolution
		HideSolutionNode = FALSE
	EndGlobalSection
	GlobalSection(ExtensibilityGlobals) = postSolution
		SolutionGuid = {661DACA7-1AB8-4C4C-B927-977BB26A1687}
	EndGlobalSection
EndGlobal
